{
  "name": "javascript",
  "lockfileVersion": 3,
  "requires": true,
  "packages": {
    "": {
      "dependencies": {
        "lua": "^0.0.1"
      },
      "devDependencies": {
        "typescript": "^5.0.4"
      }
    },
    "node_modules/lua": {
      "version": "0.0.1",
      "resolved": "https://registry.npmjs.org/lua/-/lua-0.0.1.tgz",
      "integrity": "sha512-DZ5vkxBtGt+a8ZuZUAJivOcTORmZybkWM0ToEWFCbiNp2G0k6ueKzBMjkMKhxkGbyqEAEz3s158vdmn2jZJXeQ==",
      "hasInstallScript": true,
      "engines": {
        "node": "*"
      }
    },
    "node_modules/typescript": {
      "version": "5.0.4",
      "resolved": "https://registry.npmjs.org/typescript/-/typescript-5.0.4.tgz",
      "integrity": "sha512-cW9T5W9xY37cc+jfEnaUvX91foxtHkza3Nw3wkoF4sSlKn0MONdkdEndig/qPBWXNkmplh3NzayQzCiHM4/hqw==",
      "dev": true,
      "bin": {
        "tsc": "bin/tsc",
        "tsserver": "bin/tsserver"
      },
      "engines": {
        "node": ">=12.20"
      }
    }
  }
}
